// !$*UTF8*$!
{
	archiveVersion = 1;
	classes = {
	};
	objectVersion = 51;
	objects = {

/* Begin PBXBuildFile section */
		1810D1E1261233A600CC7A06 /* AppDelegate.swift in Sources */ = {isa = PBXBuildFile; fileRef = 1810D1E0261233A600CC7A06 /* AppDelegate.swift */; };
		1810D1E3261233A600CC7A06 /* SceneDelegate.swift in Sources */ = {isa = PBXBuildFile; fileRef = 1810D1E2261233A600CC7A06 /* SceneDelegate.swift */; };
		1810D1E5261233A600CC7A06 /* AirportMapViewController.swift in Sources */ = {isa = PBXBuildFile; fileRef = 1810D1E4261233A600CC7A06 /* AirportMapViewController.swift */; };
		1810D1EA261233A900CC7A06 /* Assets.xcassets in Resources */ = {isa = PBXBuildFile; fileRef = 1810D1E9261233A900CC7A06 /* Assets.xcassets */; };
		1810D1ED261233A900CC7A06 /* LaunchScreen.storyboard in Resources */ = {isa = PBXBuildFile; fileRef = 1810D1EB261233A900CC7A06 /* LaunchScreen.storyboard */; };
		1810D1FA2612447300CC7A06 /* AppEnvironment.swift in Sources */ = {isa = PBXBuildFile; fileRef = 1810D1F82612447300CC7A06 /* AppEnvironment.swift */; };
		1810D1FB2612447300CC7A06 /* Environment.swift in Sources */ = {isa = PBXBuildFile; fileRef = 1810D1F92612447300CC7A06 /* Environment.swift */; };
		1810D200261244CE00CC7A06 /* API.swift in Sources */ = {isa = PBXBuildFile; fileRef = 1810D1FF261244CE00CC7A06 /* API.swift */; };
		1810D203261247B000CC7A06 /* RequestType.swift in Sources */ = {isa = PBXBuildFile; fileRef = 1810D202261247B000CC7A06 /* RequestType.swift */; };
		1810D20F2612566700CC7A06 /* Airport.swift in Sources */ = {isa = PBXBuildFile; fileRef = 1810D20E2612566700CC7A06 /* Airport.swift */; };
		1810D21526125C1100CC7A06 /* AirportsRequest.swift in Sources */ = {isa = PBXBuildFile; fileRef = 1810D21426125C1100CC7A06 /* AirportsRequest.swift */; };
		1810D21926130D5B00CC7A06 /* FlightsRequest.swift in Sources */ = {isa = PBXBuildFile; fileRef = 1810D21826130D5B00CC7A06 /* FlightsRequest.swift */; };
		1810D21D26130D7000CC7A06 /* Flight.swift in Sources */ = {isa = PBXBuildFile; fileRef = 1810D21C26130D7000CC7A06 /* Flight.swift */; };
		1854442C2614D8D900526C34 /* UIExtensions.swift in Sources */ = {isa = PBXBuildFile; fileRef = 1854442B2614D8D900526C34 /* UIExtensions.swift */; };
		185444352615B5AA00526C34 /* AirportDetailsViewController.swift in Sources */ = {isa = PBXBuildFile; fileRef = 185444342615B5AA00526C34 /* AirportDetailsViewController.swift */; };
		1854443C26160FBD00526C34 /* MapKitExtensions.swift in Sources */ = {isa = PBXBuildFile; fileRef = 1854443B26160FBD00526C34 /* MapKitExtensions.swift */; };
		185444432617123200526C34 /* FlightsViewController.swift in Sources */ = {isa = PBXBuildFile; fileRef = 185444422617123200526C34 /* FlightsViewController.swift */; };
		1854444B261741CB00526C34 /* FlightsViewModel.swift in Sources */ = {isa = PBXBuildFile; fileRef = 1854444A261741CB00526C34 /* FlightsViewModel.swift */; };
		188893C62613B74E00C7D1F3 /* AirportMapViewModel.swift in Sources */ = {isa = PBXBuildFile; fileRef = 188893C52613B74E00C7D1F3 /* AirportMapViewModel.swift */; };
		4B5FC33345D514965C1F17FE /* Pods_Flyway.framework in Frameworks */ = {isa = PBXBuildFile; fileRef = 4AD2788A6FA54725C5ED9846 /* Pods_Flyway.framework */; };
/* End PBXBuildFile section */

/* Begin PBXFileReference section */
		1810D1DD261233A600CC7A06 /* Flyway.app */ = {isa = PBXFileReference; explicitFileType = wrapper.application; includeInIndex = 0; path = Flyway.app; sourceTree = BUILT_PRODUCTS_DIR; };
		1810D1E0261233A600CC7A06 /* AppDelegate.swift */ = {isa = PBXFileReference; lastKnownFileType = sourcecode.swift; path = AppDelegate.swift; sourceTree = "<group>"; };
		1810D1E2261233A600CC7A06 /* SceneDelegate.swift */ = {isa = PBXFileReference; lastKnownFileType = sourcecode.swift; path = SceneDelegate.swift; sourceTree = "<group>"; };
		1810D1E4261233A600CC7A06 /* AirportMapViewController.swift */ = {isa = PBXFileReference; lastKnownFileType = sourcecode.swift; path = AirportMapViewController.swift; sourceTree = "<group>"; };
		1810D1E9261233A900CC7A06 /* Assets.xcassets */ = {isa = PBXFileReference; lastKnownFileType = folder.assetcatalog; path = Assets.xcassets; sourceTree = "<group>"; };
		1810D1EC261233A900CC7A06 /* Base */ = {isa = PBXFileReference; lastKnownFileType = file.storyboard; name = Base; path = Base.lproj/LaunchScreen.storyboard; sourceTree = "<group>"; };
		1810D1EE261233A900CC7A06 /* Info.plist */ = {isa = PBXFileReference; lastKnownFileType = text.plist.xml; path = Info.plist; sourceTree = "<group>"; };
		1810D1F82612447300CC7A06 /* AppEnvironment.swift */ = {isa = PBXFileReference; fileEncoding = 4; lastKnownFileType = sourcecode.swift; path = AppEnvironment.swift; sourceTree = "<group>"; };
		1810D1F92612447300CC7A06 /* Environment.swift */ = {isa = PBXFileReference; fileEncoding = 4; lastKnownFileType = sourcecode.swift; path = Environment.swift; sourceTree = "<group>"; };
		1810D1FF261244CE00CC7A06 /* API.swift */ = {isa = PBXFileReference; fileEncoding = 4; lastKnownFileType = sourcecode.swift; path = API.swift; sourceTree = "<group>"; };
		1810D202261247B000CC7A06 /* RequestType.swift */ = {isa = PBXFileReference; fileEncoding = 4; lastKnownFileType = sourcecode.swift; path = RequestType.swift; sourceTree = "<group>"; };
		1810D20E2612566700CC7A06 /* Airport.swift */ = {isa = PBXFileReference; lastKnownFileType = sourcecode.swift; path = Airport.swift; sourceTree = "<group>"; };
		1810D21426125C1100CC7A06 /* AirportsRequest.swift */ = {isa = PBXFileReference; lastKnownFileType = sourcecode.swift; path = AirportsRequest.swift; sourceTree = "<group>"; };
		1810D21826130D5B00CC7A06 /* FlightsRequest.swift */ = {isa = PBXFileReference; lastKnownFileType = sourcecode.swift; path = FlightsRequest.swift; sourceTree = "<group>"; };
		1810D21C26130D7000CC7A06 /* Flight.swift */ = {isa = PBXFileReference; lastKnownFileType = sourcecode.swift; path = Flight.swift; sourceTree = "<group>"; };
		1854442B2614D8D900526C34 /* UIExtensions.swift */ = {isa = PBXFileReference; lastKnownFileType = sourcecode.swift; path = UIExtensions.swift; sourceTree = "<group>"; };
		185444342615B5AA00526C34 /* AirportDetailsViewController.swift */ = {isa = PBXFileReference; lastKnownFileType = sourcecode.swift; path = AirportDetailsViewController.swift; sourceTree = "<group>"; };
		1854443B26160FBD00526C34 /* MapKitExtensions.swift */ = {isa = PBXFileReference; lastKnownFileType = sourcecode.swift; path = MapKitExtensions.swift; sourceTree = "<group>"; };
		185444422617123200526C34 /* FlightsViewController.swift */ = {isa = PBXFileReference; lastKnownFileType = sourcecode.swift; path = FlightsViewController.swift; sourceTree = "<group>"; };
		1854444A261741CB00526C34 /* FlightsViewModel.swift */ = {isa = PBXFileReference; lastKnownFileType = sourcecode.swift; path = FlightsViewModel.swift; sourceTree = "<group>"; };
		188893C52613B74E00C7D1F3 /* AirportMapViewModel.swift */ = {isa = PBXFileReference; lastKnownFileType = sourcecode.swift; path = AirportMapViewModel.swift; sourceTree = "<group>"; };
		4AD2788A6FA54725C5ED9846 /* Pods_Flyway.framework */ = {isa = PBXFileReference; explicitFileType = wrapper.framework; includeInIndex = 0; path = Pods_Flyway.framework; sourceTree = BUILT_PRODUCTS_DIR; };
		621A78CBE1DDAF3C9E401705 /* Pods-Flyway.debug.xcconfig */ = {isa = PBXFileReference; includeInIndex = 1; lastKnownFileType = text.xcconfig; name = "Pods-Flyway.debug.xcconfig"; path = "Target Support Files/Pods-Flyway/Pods-Flyway.debug.xcconfig"; sourceTree = "<group>"; };
		82F2112BC952B25E56D7480E /* Pods-Flyway.release.xcconfig */ = {isa = PBXFileReference; includeInIndex = 1; lastKnownFileType = text.xcconfig; name = "Pods-Flyway.release.xcconfig"; path = "Target Support Files/Pods-Flyway/Pods-Flyway.release.xcconfig"; sourceTree = "<group>"; };
/* End PBXFileReference section */

/* Begin PBXFrameworksBuildPhase section */
		1810D1DA261233A600CC7A06 /* Frameworks */ = {
			isa = PBXFrameworksBuildPhase;
			buildActionMask = 2147483647;
			files = (
				4B5FC33345D514965C1F17FE /* Pods_Flyway.framework in Frameworks */,
			);
			runOnlyForDeploymentPostprocessing = 0;
		};
/* End PBXFrameworksBuildPhase section */

/* Begin PBXGroup section */
		1810D1D4261233A600CC7A06 = {
			isa = PBXGroup;
			children = (
				1810D1DF261233A600CC7A06 /* Flyway */,
				1810D1DE261233A600CC7A06 /* Products */,
				F5D3F3E66488FCA04B48A59D /* Pods */,
				7B45B15410A8B2560BFAB677 /* Frameworks */,
			);
			sourceTree = "<group>";
		};
		1810D1DE261233A600CC7A06 /* Products */ = {
			isa = PBXGroup;
			children = (
				1810D1DD261233A600CC7A06 /* Flyway.app */,
			);
			name = Products;
			sourceTree = "<group>";
		};
		1810D1DF261233A600CC7A06 /* Flyway */ = {
			isa = PBXGroup;
			children = (
				1810D1E0261233A600CC7A06 /* AppDelegate.swift */,
				1810D1E2261233A600CC7A06 /* SceneDelegate.swift */,
				1854442A2614D8C800526C34 /* Extensions */,
				1810D1F72612446800CC7A06 /* Environment */,
				1810D1FE261244BC00CC7A06 /* API */,
				188893C32613B72700C7D1F3 /* Modules */,
				1810D1E9261233A900CC7A06 /* Assets.xcassets */,
				1810D1EB261233A900CC7A06 /* LaunchScreen.storyboard */,
				1810D1EE261233A900CC7A06 /* Info.plist */,
			);
			path = Flyway;
			sourceTree = "<group>";
		};
		1810D1F72612446800CC7A06 /* Environment */ = {
			isa = PBXGroup;
			children = (
				1810D1F82612447300CC7A06 /* AppEnvironment.swift */,
				1810D1F92612447300CC7A06 /* Environment.swift */,
			);
			path = Environment;
			sourceTree = "<group>";
		};
		1810D1FE261244BC00CC7A06 /* API */ = {
			isa = PBXGroup;
			children = (
				1810D1FF261244CE00CC7A06 /* API.swift */,
				1810D202261247B000CC7A06 /* RequestType.swift */,
				1810D21426125C1100CC7A06 /* AirportsRequest.swift */,
				1810D21826130D5B00CC7A06 /* FlightsRequest.swift */,
				1810D20E2612566700CC7A06 /* Airport.swift */,
				1810D21C26130D7000CC7A06 /* Flight.swift */,
			);
			path = API;
			sourceTree = "<group>";
		};
		1854442A2614D8C800526C34 /* Extensions */ = {
			isa = PBXGroup;
			children = (
				1854442B2614D8D900526C34 /* UIExtensions.swift */,
				1854443B26160FBD00526C34 /* MapKitExtensions.swift */,
			);
			path = Extensions;
			sourceTree = "<group>";
		};
		185444332615B59D00526C34 /* AirportDetails */ = {
			isa = PBXGroup;
			children = (
				185444342615B5AA00526C34 /* AirportDetailsViewController.swift */,
			);
			path = AirportDetails;
			sourceTree = "<group>";
		};
		185444412617121D00526C34 /* Flights */ = {
			isa = PBXGroup;
			children = (
				185444422617123200526C34 /* FlightsViewController.swift */,
				1854444A261741CB00526C34 /* FlightsViewModel.swift */,
			);
			path = Flights;
			sourceTree = "<group>";
		};
		188893C32613B72700C7D1F3 /* Modules */ = {
			isa = PBXGroup;
			children = (
				185444412617121D00526C34 /* Flights */,
				185444332615B59D00526C34 /* AirportDetails */,
				188893C42613B73800C7D1F3 /* AirportMap */,
			);
			path = Modules;
			sourceTree = "<group>";
		};
		188893C42613B73800C7D1F3 /* AirportMap */ = {
			isa = PBXGroup;
			children = (
				1810D1E4261233A600CC7A06 /* AirportMapViewController.swift */,
				188893C52613B74E00C7D1F3 /* AirportMapViewModel.swift */,
			);
			path = AirportMap;
			sourceTree = "<group>";
		};
		7B45B15410A8B2560BFAB677 /* Frameworks */ = {
			isa = PBXGroup;
			children = (
				4AD2788A6FA54725C5ED9846 /* Pods_Flyway.framework */,
			);
			name = Frameworks;
			sourceTree = "<group>";
		};
		F5D3F3E66488FCA04B48A59D /* Pods */ = {
			isa = PBXGroup;
			children = (
				621A78CBE1DDAF3C9E401705 /* Pods-Flyway.debug.xcconfig */,
				82F2112BC952B25E56D7480E /* Pods-Flyway.release.xcconfig */,
			);
			path = Pods;
			sourceTree = "<group>";
		};
/* End PBXGroup section */

/* Begin PBXNativeTarget section */
		1810D1DC261233A600CC7A06 /* Flyway */ = {
			isa = PBXNativeTarget;
			buildConfigurationList = 1810D1F1261233A900CC7A06 /* Build configuration list for PBXNativeTarget "Flyway" */;
			buildPhases = (
				2878670CD0916FEAE711AA40 /* [CP] Check Pods Manifest.lock */,
				1810D1D9261233A600CC7A06 /* Sources */,
				1810D1DA261233A600CC7A06 /* Frameworks */,
				1810D1DB261233A600CC7A06 /* Resources */,
				2799731BB03F5B8D681A9E00 /* [CP] Embed Pods Frameworks */,
			);
			buildRules = (
			);
			dependencies = (
			);
			name = Flyway;
			productName = Flyway;
			productReference = 1810D1DD261233A600CC7A06 /* Flyway.app */;
			productType = "com.apple.product-type.application";
		};
/* End PBXNativeTarget section */

/* Begin PBXProject section */
		1810D1D5261233A600CC7A06 /* Project object */ = {
			isa = PBXProject;
			attributes = {
				LastSwiftUpdateCheck = 1240;
				LastUpgradeCheck = 1240;
				TargetAttributes = {
					1810D1DC261233A600CC7A06 = {
						CreatedOnToolsVersion = 12.4;
					};
				};
			};
			buildConfigurationList = 1810D1D8261233A600CC7A06 /* Build configuration list for PBXProject "Flyway" */;
			compatibilityVersion = "Xcode 9.3";
			developmentRegion = en;
			hasScannedForEncodings = 0;
			knownRegions = (
				en,
				Base,
			);
			mainGroup = 1810D1D4261233A600CC7A06;
			productRefGroup = 1810D1DE261233A600CC7A06 /* Products */;
			projectDirPath = "";
			projectRoot = "";
			targets = (
				1810D1DC261233A600CC7A06 /* Flyway */,
			);
		};
/* End PBXProject section */

/* Begin PBXResourcesBuildPhase section */
		1810D1DB261233A600CC7A06 /* Resources */ = {
			isa = PBXResourcesBuildPhase;
			buildActionMask = 2147483647;
			files = (
				1810D1ED261233A900CC7A06 /* LaunchScreen.storyboard in Resources */,
				1810D1EA261233A900CC7A06 /* Assets.xcassets in Resources */,
			);
			runOnlyForDeploymentPostprocessing = 0;
		};
/* End PBXResourcesBuildPhase section */

/* Begin PBXShellScriptBuildPhase section */
		2799731BB03F5B8D681A9E00 /* [CP] Embed Pods Frameworks */ = {
			isa = PBXShellScriptBuildPhase;
			buildActionMask = 2147483647;
			files = (
			);
			inputFileListPaths = (
				"${PODS_ROOT}/Target Support Files/Pods-Flyway/Pods-Flyway-frameworks-${CONFIGURATION}-input-files.xcfilelist",
			);
			name = "[CP] Embed Pods Frameworks";
			outputFileListPaths = (
				"${PODS_ROOT}/Target Support Files/Pods-Flyway/Pods-Flyway-frameworks-${CONFIGURATION}-output-files.xcfilelist",
			);
			runOnlyForDeploymentPostprocessing = 0;
			shellPath = /bin/sh;
			shellScript = "\"${PODS_ROOT}/Target Support Files/Pods-Flyway/Pods-Flyway-frameworks.sh\"\n";
			showEnvVarsInLog = 0;
		};
		2878670CD0916FEAE711AA40 /* [CP] Check Pods Manifest.lock */ = {
			isa = PBXShellScriptBuildPhase;
			buildActionMask = 2147483647;
			files = (
			);
			inputFileListPaths = (
			);
			inputPaths = (
				"${PODS_PODFILE_DIR_PATH}/Podfile.lock",
				"${PODS_ROOT}/Manifest.lock",
			);
			name = "[CP] Check Pods Manifest.lock";
			outputFileListPaths = (
			);
			outputPaths = (
				"$(DERIVED_FILE_DIR)/Pods-Flyway-checkManifestLockResult.txt",
			);
			runOnlyForDeploymentPostprocessing = 0;
			shellPath = /bin/sh;
			shellScript = "diff \"${PODS_PODFILE_DIR_PATH}/Podfile.lock\" \"${PODS_ROOT}/Manifest.lock\" > /dev/null\nif [ $? != 0 ] ; then\n    # print error to STDERR\n    echo \"error: The sandbox is not in sync with the Podfile.lock. Run 'pod install' or update your CocoaPods installation.\" >&2\n    exit 1\nfi\n# This output is used by Xcode 'outputs' to avoid re-running this script phase.\necho \"SUCCESS\" > \"${SCRIPT_OUTPUT_FILE_0}\"\n";
			showEnvVarsInLog = 0;
		};
/* End PBXShellScriptBuildPhase section */

/* Begin PBXSourcesBuildPhase section */
		1810D1D9261233A600CC7A06 /* Sources */ = {
			isa = PBXSourcesBuildPhase;
			buildActionMask = 2147483647;
			files = (
				1810D20F2612566700CC7A06 /* Airport.swift in Sources */,
				1810D21926130D5B00CC7A06 /* FlightsRequest.swift in Sources */,
				1854442C2614D8D900526C34 /* UIExtensions.swift in Sources */,
				1810D1E5261233A600CC7A06 /* AirportMapViewController.swift in Sources */,
				188893C62613B74E00C7D1F3 /* AirportMapViewModel.swift in Sources */,
				1810D1FA2612447300CC7A06 /* AppEnvironment.swift in Sources */,
				185444432617123200526C34 /* FlightsViewController.swift in Sources */,
				1810D203261247B000CC7A06 /* RequestType.swift in Sources */,
				1810D1E1261233A600CC7A06 /* AppDelegate.swift in Sources */,
				1854443C26160FBD00526C34 /* MapKitExtensions.swift in Sources */,
				1810D1E3261233A600CC7A06 /* SceneDelegate.swift in Sources */,
				1810D200261244CE00CC7A06 /* API.swift in Sources */,
				1810D21D26130D7000CC7A06 /* Flight.swift in Sources */,
				185444352615B5AA00526C34 /* AirportDetailsViewController.swift in Sources */,
				1854444B261741CB00526C34 /* FlightsViewModel.swift in Sources */,
				1810D1FB2612447300CC7A06 /* Environment.swift in Sources */,
				1810D21526125C1100CC7A06 /* AirportsRequest.swift in Sources */,
			);
			runOnlyForDeploymentPostprocessing = 0;
		};
/* End PBXSourcesBuildPhase section */

/* Begin PBXVariantGroup section */
		1810D1EB261233A900CC7A06 /* LaunchScreen.storyboard */ = {
			isa = PBXVariantGroup;
			children = (
				1810D1EC261233A900CC7A06 /* Base */,
			);
			name = LaunchScreen.storyboard;
			sourceTree = "<group>";
		};
/* End PBXVariantGroup section */

/* Begin XCBuildConfiguration section */
		1810D1EF261233A900CC7A06 /* Debug */ = {
			isa = XCBuildConfiguration;
			buildSettings = {
				ALWAYS_SEARCH_USER_PATHS = NO;
				CLANG_ANALYZER_NONNULL = YES;
				CLANG_ANALYZER_NUMBER_OBJECT_CONVERSION = YES_AGGRESSIVE;
				CLANG_CXX_LANGUAGE_STANDARD = "gnu++14";
				CLANG_CXX_LIBRARY = "libc++";
				CLANG_ENABLE_MODULES = YES;
				CLANG_ENABLE_OBJC_ARC = YES;
				CLANG_ENABLE_OBJC_WEAK = YES;
				CLANG_WARN_BLOCK_CAPTURE_AUTORELEASING = YES;
				CLANG_WARN_BOOL_CONVERSION = YES;
				CLANG_WARN_COMMA = YES;
				CLANG_WARN_CONSTANT_CONVERSION = YES;
				CLANG_WARN_DEPRECATED_OBJC_IMPLEMENTATIONS = YES;
				CLANG_WARN_DIRECT_OBJC_ISA_USAGE = YES_ERROR;
				CLANG_WARN_DOCUMENTATION_COMMENTS = YES;
				CLANG_WARN_EMPTY_BODY = YES;
				CLANG_WARN_ENUM_CONVERSION = YES;
				CLANG_WARN_INFINITE_RECURSION = YES;
				CLANG_WARN_INT_CONVERSION = YES;
				CLANG_WARN_NON_LITERAL_NULL_CONVERSION = YES;
				CLANG_WARN_OBJC_IMPLICIT_RETAIN_SELF = YES;
				CLANG_WARN_OBJC_LITERAL_CONVERSION = YES;
				CLANG_WARN_OBJC_ROOT_CLASS = YES_ERROR;
				CLANG_WARN_QUOTED_INCLUDE_IN_FRAMEWORK_HEADER = YES;
				CLANG_WARN_RANGE_LOOP_ANALYSIS = YES;
				CLANG_WARN_STRICT_PROTOTYPES = YES;
				CLANG_WARN_SUSPICIOUS_MOVE = YES;
				CLANG_WARN_UNGUARDED_AVAILABILITY = YES_AGGRESSIVE;
				CLANG_WARN_UNREACHABLE_CODE = YES;
				CLANG_WARN__DUPLICATE_METHOD_MATCH = YES;
				COPY_PHASE_STRIP = NO;
				DEBUG_INFORMATION_FORMAT = dwarf;
				ENABLE_STRICT_OBJC_MSGSEND = YES;
				ENABLE_TESTABILITY = YES;
				GCC_C_LANGUAGE_STANDARD = gnu11;
				GCC_DYNAMIC_NO_PIC = NO;
				GCC_NO_COMMON_BLOCKS = YES;
				GCC_OPTIMIZATION_LEVEL = 0;
				GCC_PREPROCESSOR_DEFINITIONS = (
					"DEBUG=1",
					"$(inherited)",
				);
				GCC_WARN_64_TO_32_BIT_CONVERSION = YES;
				GCC_WARN_ABOUT_RETURN_TYPE = YES_ERROR;
				GCC_WARN_UNDECLARED_SELECTOR = YES;
				GCC_WARN_UNINITIALIZED_AUTOS = YES_AGGRESSIVE;
				GCC_WARN_UNUSED_FUNCTION = YES;
				GCC_WARN_UNUSED_VARIABLE = YES;
				IPHONEOS_DEPLOYMENT_TARGET = 14.4;
				MTL_ENABLE_DEBUG_INFO = INCLUDE_SOURCE;
				MTL_FAST_MATH = YES;
				ONLY_ACTIVE_ARCH = YES;
				SDKROOT = iphoneos;
				SWIFT_ACTIVE_COMPILATION_CONDITIONS = DEBUG;
				SWIFT_OPTIMIZATION_LEVEL = "-Onone";
			};
			name = Debug;
		};
		1810D1F0261233A900CC7A06 /* Release */ = {
			isa = XCBuildConfiguration;
			buildSettings = {
				ALWAYS_SEARCH_USER_PATHS = NO;
				CLANG_ANALYZER_NONNULL = YES;
				CLANG_ANALYZER_NUMBER_OBJECT_CONVERSION = YES_AGGRESSIVE;
				CLANG_CXX_LANGUAGE_STANDARD = "gnu++14";
				CLANG_CXX_LIBRARY = "libc++";
				CLANG_ENABLE_MODULES = YES;
				CLANG_ENABLE_OBJC_ARC = YES;
				CLANG_ENABLE_OBJC_WEAK = YES;
				CLANG_WARN_BLOCK_CAPTURE_AUTORELEASING = YES;
				CLANG_WARN_BOOL_CONVERSION = YES;
				CLANG_WARN_COMMA = YES;
				CLANG_WARN_CONSTANT_CONVERSION = YES;
				CLANG_WARN_DEPRECATED_OBJC_IMPLEMENTATIONS = YES;
				CLANG_WARN_DIRECT_OBJC_ISA_USAGE = YES_ERROR;
				CLANG_WARN_DOCUMENTATION_COMMENTS = YES;
				CLANG_WARN_EMPTY_BODY = YES;
				CLANG_WARN_ENUM_CONVERSION = YES;
				CLANG_WARN_INFINITE_RECURSION = YES;
				CLANG_WARN_INT_CONVERSION = YES;
				CLANG_WARN_NON_LITERAL_NULL_CONVERSION = YES;
				CLANG_WARN_OBJC_IMPLICIT_RETAIN_SELF = YES;
				CLANG_WARN_OBJC_LITERAL_CONVERSION = YES;
				CLANG_WARN_OBJC_ROOT_CLASS = YES_ERROR;
				CLANG_WARN_QUOTED_INCLUDE_IN_FRAMEWORK_HEADER = YES;
				CLANG_WARN_RANGE_LOOP_ANALYSIS = YES;
				CLANG_WARN_STRICT_PROTOTYPES = YES;
				CLANG_WARN_SUSPICIOUS_MOVE = YES;
				CLANG_WARN_UNGUARDED_AVAILABILITY = YES_AGGRESSIVE;
				CLANG_WARN_UNREACHABLE_CODE = YES;
				CLANG_WARN__DUPLICATE_METHOD_MATCH = YES;
				COPY_PHASE_STRIP = NO;
				DEBUG_INFORMATION_FORMAT = "dwarf-with-dsym";
				ENABLE_NS_ASSERTIONS = NO;
				ENABLE_STRICT_OBJC_MSGSEND = YES;
				GCC_C_LANGUAGE_STANDARD = gnu11;
				GCC_NO_COMMON_BLOCKS = YES;
				GCC_WARN_64_TO_32_BIT_CONVERSION = YES;
				GCC_WARN_ABOUT_RETURN_TYPE = YES_ERROR;
				GCC_WARN_UNDECLARED_SELECTOR = YES;
				GCC_WARN_UNINITIALIZED_AUTOS = YES_AGGRESSIVE;
				GCC_WARN_UNUSED_FUNCTION = YES;
				GCC_WARN_UNUSED_VARIABLE = YES;
				IPHONEOS_DEPLOYMENT_TARGET = 14.4;
				MTL_ENABLE_DEBUG_INFO = NO;
				MTL_FAST_MATH = YES;
				SDKROOT = iphoneos;
				SWIFT_COMPILATION_MODE = wholemodule;
				SWIFT_OPTIMIZATION_LEVEL = "-O";
				VALIDATE_PRODUCT = YES;
			};
			name = Release;
		};
		1810D1F2261233A900CC7A06 /* Debug */ = {
			isa = XCBuildConfiguration;
			baseConfigurationReference = 621A78CBE1DDAF3C9E401705 /* Pods-Flyway.debug.xcconfig */;
			buildSettings = {
				ASSETCATALOG_COMPILER_APPICON_NAME = AppIcon;
				ASSETCATALOG_COMPILER_GLOBAL_ACCENT_COLOR_NAME = AccentColor;
				CODE_SIGN_STYLE = Automatic;
				DEVELOPMENT_TEAM = 7C2WZ3W3L2;
				INFOPLIST_FILE = Flyway/Info.plist;
				LD_RUNPATH_SEARCH_PATHS = (
					"$(inherited)",
					"@executable_path/Frameworks",
				);
				PRODUCT_BUNDLE_IDENTIFIER = com.impala.test.Flyway;
				PRODUCT_NAME = "$(TARGET_NAME)";
				SWIFT_VERSION = 5.0;
				TARGETED_DEVICE_FAMILY = 1;
			};
			name = Debug;
		};
		1810D1F3261233A900CC7A06 /* Release */ = {
			isa = XCBuildConfiguration;
			baseConfigurationReference = 82F2112BC952B25E56D7480E /* Pods-Flyway.release.xcconfig */;
			buildSettings = {
				ASSETCATALOG_COMPILER_APPICON_NAME = AppIcon;
				ASSETCATALOG_COMPILER_GLOBAL_ACCENT_COLOR_NAME = AccentColor;
				CODE_SIGN_STYLE = Automatic;
				DEVELOPMENT_TEAM = 7C2WZ3W3L2;
				INFOPLIST_FILE = Flyway/Info.plist;
				LD_RUNPATH_SEARCH_PATHS = (
					"$(inherited)",
					"@executable_path/Frameworks",
				);
				PRODUCT_BUNDLE_IDENTIFIER = com.impala.test.Flyway;
				PRODUCT_NAME = "$(TARGET_NAME)";
				SWIFT_VERSION = 5.0;
				TARGETED_DEVICE_FAMILY = 1;
			};
			name = Release;
		};
/* End XCBuildConfiguration section */

/* Begin XCConfigurationList section */
		1810D1D8261233A600CC7A06 /* Build configuration list for PBXProject "Flyway" */ = {
			isa = XCConfigurationList;
			buildConfigurations = (
				1810D1EF261233A900CC7A06 /* Debug */,
				1810D1F0261233A900CC7A06 /* Release */,
			);
			defaultConfigurationIsVisible = 0;
			defaultConfigurationName = Release;
		};
		1810D1F1261233A900CC7A06 /* Build configuration list for PBXNativeTarget "Flyway" */ = {
			isa = XCConfigurationList;
			buildConfigurations = (
				1810D1F2261233A900CC7A06 /* Debug */,
				1810D1F3261233A900CC7A06 /* Release */,
			);
			defaultConfigurationIsVisible = 0;
			defaultConfigurationName = Release;
		};
/* End XCConfigurationList section */
	};
	rootObject = 1810D1D5261233A600CC7A06 /* Project object */;
}
